// !$*UTF8*$!
{
	archiveVersion = 1;
	classes = {
	};
	objectVersion = 55;
	objects = {

/* Begin PBXBuildFile section */
		6E2264C92842BD57005FB27F /* TorrentsView.swift in Sources */ = {isa = PBXBuildFile; fileRef = 6E2264C82842BD57005FB27F /* TorrentsView.swift */; };
		6E2264CB2842BD62005FB27F /* SettingsView.swift in Sources */ = {isa = PBXBuildFile; fileRef = 6E2264CA2842BD62005FB27F /* SettingsView.swift */; };
		6E2264CF2842C283005FB27F /* DeferView.swift in Sources */ = {isa = PBXBuildFile; fileRef = 6E2264CE2842C283005FB27F /* DeferView.swift */; };
		6E2264D12842C2A1005FB27F /* AppThemePrefsView.swift in Sources */ = {isa = PBXBuildFile; fileRef = 6E2264D02842C2A1005FB27F /* AppThemePrefsView.swift */; };
		6E2264D42842C2C2005FB27F /* AppTheme.swift in Sources */ = {isa = PBXBuildFile; fileRef = 6E2264D32842C2C2005FB27F /* AppTheme.swift */; };
		6E2264D82842C481005FB27F /* AuthPrefsView.swift in Sources */ = {isa = PBXBuildFile; fileRef = 6E2264D72842C481005FB27F /* AuthPrefsView.swift */; };
		6E2264DA2842C579005FB27F /* TextFieldClearModifier.swift in Sources */ = {isa = PBXBuildFile; fileRef = 6E2264D92842C579005FB27F /* TextFieldClearModifier.swift */; };
		6E2264DF2842D111005FB27F /* TorrentService.swift in Sources */ = {isa = PBXBuildFile; fileRef = 6E2264DE2842D111005FB27F /* TorrentService.swift */; };
		6E2264EB2842DEB5005FB27F /* Alamofire in Frameworks */ = {isa = PBXBuildFile; productRef = 6E2264EA2842DEB5005FB27F /* Alamofire */; };
		6E2264ED2842EB9C005FB27F /* Torrent.swift in Sources */ = {isa = PBXBuildFile; fileRef = 6E2264EC2842EB9C005FB27F /* Torrent.swift */; };
		6E2264EF2843155A005FB27F /* ConfigPrefsView.swift in Sources */ = {isa = PBXBuildFile; fileRef = 6E2264EE2843155A005FB27F /* ConfigPrefsView.swift */; };
		6E2264F228432BD3005FB27F /* DownloadsPrefsView.swift in Sources */ = {isa = PBXBuildFile; fileRef = 6E2264F128432BD3005FB27F /* DownloadsPrefsView.swift */; };
		6E2264F428432C02005FB27F /* ConnectionPrefsView.swift in Sources */ = {isa = PBXBuildFile; fileRef = 6E2264F328432C02005FB27F /* ConnectionPrefsView.swift */; };
		6E2264F628432C43005FB27F /* SpeedPrefsView.swift in Sources */ = {isa = PBXBuildFile; fileRef = 6E2264F528432C43005FB27F /* SpeedPrefsView.swift */; };
		6E2264F828432C5E005FB27F /* BitTorrentPrefsView.swift in Sources */ = {isa = PBXBuildFile; fileRef = 6E2264F728432C5E005FB27F /* BitTorrentPrefsView.swift */; };
		6E2264FA28432C7E005FB27F /* AdvancedPrefsView.swift in Sources */ = {isa = PBXBuildFile; fileRef = 6E2264F928432C7E005FB27F /* AdvancedPrefsView.swift */; };
		6E2264FE28432DAA005FB27F /* RSSPrefsView.swift in Sources */ = {isa = PBXBuildFile; fileRef = 6E2264FD28432DAA005FB27F /* RSSPrefsView.swift */; };
		6E22650028432DCD005FB27F /* WebUIPrefsView.swift in Sources */ = {isa = PBXBuildFile; fileRef = 6E2264FF28432DCD005FB27F /* WebUIPrefsView.swift */; };
		6E2265022843D3F8005FB27F /* ColorfulIconLabelStyle.swift in Sources */ = {isa = PBXBuildFile; fileRef = 6E2265012843D3F8005FB27F /* ColorfulIconLabelStyle.swift */; };
		6EB327B72842AACB003CA9E3 /* qTorrentApp.swift in Sources */ = {isa = PBXBuildFile; fileRef = 6EB327B62842AACB003CA9E3 /* qTorrentApp.swift */; };
		6EB327B92842AACB003CA9E3 /* ContentView.swift in Sources */ = {isa = PBXBuildFile; fileRef = 6EB327B82842AACB003CA9E3 /* ContentView.swift */; };
		6EB327BB2842AACB003CA9E3 /* Assets.xcassets in Resources */ = {isa = PBXBuildFile; fileRef = 6EB327BA2842AACB003CA9E3 /* Assets.xcassets */; };
		6EB327BE2842AACB003CA9E3 /* Preview Assets.xcassets in Resources */ = {isa = PBXBuildFile; fileRef = 6EB327BD2842AACB003CA9E3 /* Preview Assets.xcassets */; };
/* End PBXBuildFile section */

/* Begin PBXFileReference section */
		6E2264C82842BD57005FB27F /* TorrentsView.swift */ = {isa = PBXFileReference; lastKnownFileType = sourcecode.swift; path = TorrentsView.swift; sourceTree = "<group>"; };
		6E2264CA2842BD62005FB27F /* SettingsView.swift */ = {isa = PBXFileReference; lastKnownFileType = sourcecode.swift; path = SettingsView.swift; sourceTree = "<group>"; };
		6E2264CE2842C283005FB27F /* DeferView.swift */ = {isa = PBXFileReference; lastKnownFileType = sourcecode.swift; path = DeferView.swift; sourceTree = "<group>"; };
		6E2264D02842C2A1005FB27F /* AppThemePrefsView.swift */ = {isa = PBXFileReference; lastKnownFileType = sourcecode.swift; path = AppThemePrefsView.swift; sourceTree = "<group>"; };
		6E2264D32842C2C2005FB27F /* AppTheme.swift */ = {isa = PBXFileReference; lastKnownFileType = sourcecode.swift; path = AppTheme.swift; sourceTree = "<group>"; };
		6E2264D72842C481005FB27F /* AuthPrefsView.swift */ = {isa = PBXFileReference; lastKnownFileType = sourcecode.swift; path = AuthPrefsView.swift; sourceTree = "<group>"; };
		6E2264D92842C579005FB27F /* TextFieldClearModifier.swift */ = {isa = PBXFileReference; lastKnownFileType = sourcecode.swift; path = TextFieldClearModifier.swift; sourceTree = "<group>"; };
		6E2264DE2842D111005FB27F /* TorrentService.swift */ = {isa = PBXFileReference; lastKnownFileType = sourcecode.swift; path = TorrentService.swift; sourceTree = "<group>"; };
		6E2264EC2842EB9C005FB27F /* Torrent.swift */ = {isa = PBXFileReference; lastKnownFileType = sourcecode.swift; path = Torrent.swift; sourceTree = "<group>"; };
		6E2264EE2843155A005FB27F /* ConfigPrefsView.swift */ = {isa = PBXFileReference; lastKnownFileType = sourcecode.swift; path = ConfigPrefsView.swift; sourceTree = "<group>"; };
		6E2264F128432BD3005FB27F /* DownloadsPrefsView.swift */ = {isa = PBXFileReference; lastKnownFileType = sourcecode.swift; path = DownloadsPrefsView.swift; sourceTree = "<group>"; };
		6E2264F328432C02005FB27F /* ConnectionPrefsView.swift */ = {isa = PBXFileReference; lastKnownFileType = sourcecode.swift; path = ConnectionPrefsView.swift; sourceTree = "<group>"; };
		6E2264F528432C43005FB27F /* SpeedPrefsView.swift */ = {isa = PBXFileReference; lastKnownFileType = sourcecode.swift; path = SpeedPrefsView.swift; sourceTree = "<group>"; };
		6E2264F728432C5E005FB27F /* BitTorrentPrefsView.swift */ = {isa = PBXFileReference; lastKnownFileType = sourcecode.swift; path = BitTorrentPrefsView.swift; sourceTree = "<group>"; };
		6E2264F928432C7E005FB27F /* AdvancedPrefsView.swift */ = {isa = PBXFileReference; lastKnownFileType = sourcecode.swift; path = AdvancedPrefsView.swift; sourceTree = "<group>"; };
		6E2264FD28432DAA005FB27F /* RSSPrefsView.swift */ = {isa = PBXFileReference; lastKnownFileType = sourcecode.swift; path = RSSPrefsView.swift; sourceTree = "<group>"; };
		6E2264FF28432DCD005FB27F /* WebUIPrefsView.swift */ = {isa = PBXFileReference; lastKnownFileType = sourcecode.swift; path = WebUIPrefsView.swift; sourceTree = "<group>"; };
		6E2265012843D3F8005FB27F /* ColorfulIconLabelStyle.swift */ = {isa = PBXFileReference; lastKnownFileType = sourcecode.swift; path = ColorfulIconLabelStyle.swift; sourceTree = "<group>"; };
		6EB327B32842AACB003CA9E3 /* qTorrent.app */ = {isa = PBXFileReference; explicitFileType = wrapper.application; includeInIndex = 0; path = qTorrent.app; sourceTree = BUILT_PRODUCTS_DIR; };
		6EB327B62842AACB003CA9E3 /* qTorrentApp.swift */ = {isa = PBXFileReference; lastKnownFileType = sourcecode.swift; path = qTorrentApp.swift; sourceTree = "<group>"; };
		6EB327B82842AACB003CA9E3 /* ContentView.swift */ = {isa = PBXFileReference; lastKnownFileType = sourcecode.swift; path = ContentView.swift; sourceTree = "<group>"; };
		6EB327BA2842AACB003CA9E3 /* Assets.xcassets */ = {isa = PBXFileReference; lastKnownFileType = folder.assetcatalog; path = Assets.xcassets; sourceTree = "<group>"; };
		6EB327BD2842AACB003CA9E3 /* Preview Assets.xcassets */ = {isa = PBXFileReference; lastKnownFileType = folder.assetcatalog; path = "Preview Assets.xcassets"; sourceTree = "<group>"; };
/* End PBXFileReference section */

/* Begin PBXFrameworksBuildPhase section */
		6EB327B02842AACB003CA9E3 /* Frameworks */ = {
			isa = PBXFrameworksBuildPhase;
			buildActionMask = 2147483647;
			files = (
				6E2264EB2842DEB5005FB27F /* Alamofire in Frameworks */,
			);
			runOnlyForDeploymentPostprocessing = 0;
		};
/* End PBXFrameworksBuildPhase section */

/* Begin PBXGroup section */
		6E2264D22842C2AD005FB27F /* Common */ = {
			isa = PBXGroup;
			children = (
				6E2264D92842C579005FB27F /* TextFieldClearModifier.swift */,
				6E2265012843D3F8005FB27F /* ColorfulIconLabelStyle.swift */,
			);
			path = Common;
			sourceTree = "<group>";
		};
		6E2264DB2842D0CE005FB27F /* Service */ = {
			isa = PBXGroup;
			children = (
				6E2264DE2842D111005FB27F /* TorrentService.swift */,
			);
			path = Service;
			sourceTree = "<group>";
		};
		6E2264E02842D138005FB27F /* Model */ = {
			isa = PBXGroup;
			children = (
				6E2264EC2842EB9C005FB27F /* Torrent.swift */,
			);
			path = Model;
			sourceTree = "<group>";
		};
		6E2264F028432A1A005FB27F /* Enumeration */ = {
			isa = PBXGroup;
			children = (
				6E2264D32842C2C2005FB27F /* AppTheme.swift */,
			);
			path = Enumeration;
			sourceTree = "<group>";
		};
		6EB327AA2842AACB003CA9E3 = {
			isa = PBXGroup;
			children = (
				6EB327B52842AACB003CA9E3 /* qTorrent */,
				6EB327B42842AACB003CA9E3 /* Products */,
			);
			sourceTree = "<group>";
		};
		6EB327B42842AACB003CA9E3 /* Products */ = {
			isa = PBXGroup;
			children = (
				6EB327B32842AACB003CA9E3 /* qTorrent.app */,
			);
			name = Products;
			sourceTree = "<group>";
		};
		6EB327B52842AACB003CA9E3 /* qTorrent */ = {
			isa = PBXGroup;
			children = (
				6EB327BA2842AACB003CA9E3 /* Assets.xcassets */,
				6EB327B62842AACB003CA9E3 /* qTorrentApp.swift */,
				6E2264D22842C2AD005FB27F /* Common */,
				6E2264F028432A1A005FB27F /* Enumeration */,
				6E2264E02842D138005FB27F /* Model */,
				6E2264DB2842D0CE005FB27F /* Service */,
				6EB327C42842ABF6003CA9E3 /* View */,
				6EB327BC2842AACB003CA9E3 /* Preview Content */,
			);
			path = qTorrent;
			sourceTree = "<group>";
		};
		6EB327BC2842AACB003CA9E3 /* Preview Content */ = {
			isa = PBXGroup;
			children = (
				6EB327BD2842AACB003CA9E3 /* Preview Assets.xcassets */,
			);
			path = "Preview Content";
			sourceTree = "<group>";
		};
		6EB327C42842ABF6003CA9E3 /* View */ = {
			isa = PBXGroup;
			children = (
				6EB327B82842AACB003CA9E3 /* ContentView.swift */,
				6E2264CE2842C283005FB27F /* DeferView.swift */,
				6E2264C82842BD57005FB27F /* TorrentsView.swift */,
				6E2264CA2842BD62005FB27F /* SettingsView.swift */,
				6E2264D72842C481005FB27F /* AuthPrefsView.swift */,
				6E2264EE2843155A005FB27F /* ConfigPrefsView.swift */,
				6E2264F128432BD3005FB27F /* DownloadsPrefsView.swift */,
				6E2264F328432C02005FB27F /* ConnectionPrefsView.swift */,
				6E2264F528432C43005FB27F /* SpeedPrefsView.swift */,
				6E2264F728432C5E005FB27F /* BitTorrentPrefsView.swift */,
				6E2264FD28432DAA005FB27F /* RSSPrefsView.swift */,
				6E2264FF28432DCD005FB27F /* WebUIPrefsView.swift */,
				6E2264F928432C7E005FB27F /* AdvancedPrefsView.swift */,
				6E2264D02842C2A1005FB27F /* AppThemePrefsView.swift */,
			);
			path = View;
			sourceTree = "<group>";
		};
/* End PBXGroup section */

/* Begin PBXNativeTarget section */
		6EB327B22842AACB003CA9E3 /* qTorrent */ = {
			isa = PBXNativeTarget;
			buildConfigurationList = 6EB327C12842AACB003CA9E3 /* Build configuration list for PBXNativeTarget "qTorrent" */;
			buildPhases = (
				6EB327AF2842AACB003CA9E3 /* Sources */,
				6EB327B02842AACB003CA9E3 /* Frameworks */,
				6EB327B12842AACB003CA9E3 /* Resources */,
			);
			buildRules = (
			);
			dependencies = (
			);
			name = qTorrent;
			packageProductDependencies = (
				6E2264EA2842DEB5005FB27F /* Alamofire */,
			);
			productName = qTorrent;
			productReference = 6EB327B32842AACB003CA9E3 /* qTorrent.app */;
			productType = "com.apple.product-type.application";
		};
/* End PBXNativeTarget section */

/* Begin PBXProject section */
		6EB327AB2842AACB003CA9E3 /* Project object */ = {
			isa = PBXProject;
			attributes = {
				BuildIndependentTargetsInParallel = 1;
				LastSwiftUpdateCheck = 1340;
				LastUpgradeCheck = 1340;
				TargetAttributes = {
					6EB327B22842AACB003CA9E3 = {
						CreatedOnToolsVersion = 13.4;
					};
				};
			};
			buildConfigurationList = 6EB327AE2842AACB003CA9E3 /* Build configuration list for PBXProject "qTorrent" */;
			compatibilityVersion = "Xcode 13.0";
			developmentRegion = en;
			hasScannedForEncodings = 0;
			knownRegions = (
				en,
				Base,
			);
			mainGroup = 6EB327AA2842AACB003CA9E3;
			packageReferences = (
				6E2264E92842DEB5005FB27F /* XCRemoteSwiftPackageReference "Alamofire" */,
			);
			productRefGroup = 6EB327B42842AACB003CA9E3 /* Products */;
			projectDirPath = "";
			projectRoot = "";
			targets = (
				6EB327B22842AACB003CA9E3 /* qTorrent */,
			);
		};
/* End PBXProject section */

/* Begin PBXResourcesBuildPhase section */
		6EB327B12842AACB003CA9E3 /* Resources */ = {
			isa = PBXResourcesBuildPhase;
			buildActionMask = 2147483647;
			files = (
				6EB327BE2842AACB003CA9E3 /* Preview Assets.xcassets in Resources */,
				6EB327BB2842AACB003CA9E3 /* Assets.xcassets in Resources */,
			);
			runOnlyForDeploymentPostprocessing = 0;
		};
/* End PBXResourcesBuildPhase section */

/* Begin PBXSourcesBuildPhase section */
		6EB327AF2842AACB003CA9E3 /* Sources */ = {
			isa = PBXSourcesBuildPhase;
			buildActionMask = 2147483647;
			files = (
				6E22650028432DCD005FB27F /* WebUIPrefsView.swift in Sources */,
				6EB327B92842AACB003CA9E3 /* ContentView.swift in Sources */,
				6E2264F428432C02005FB27F /* ConnectionPrefsView.swift in Sources */,
				6E2265022843D3F8005FB27F /* ColorfulIconLabelStyle.swift in Sources */,
				6E2264FE28432DAA005FB27F /* RSSPrefsView.swift in Sources */,
				6E2264F628432C43005FB27F /* SpeedPrefsView.swift in Sources */,
				6E2264D12842C2A1005FB27F /* AppThemePrefsView.swift in Sources */,
				6E2264ED2842EB9C005FB27F /* Torrent.swift in Sources */,
				6E2264FA28432C7E005FB27F /* AdvancedPrefsView.swift in Sources */,
				6E2264CB2842BD62005FB27F /* SettingsView.swift in Sources */,
				6E2264DF2842D111005FB27F /* TorrentService.swift in Sources */,
				6E2264EF2843155A005FB27F /* ConfigPrefsView.swift in Sources */,
				6E2264C92842BD57005FB27F /* TorrentsView.swift in Sources */,
				6E2264D42842C2C2005FB27F /* AppTheme.swift in Sources */,
				6E2264D82842C481005FB27F /* AuthPrefsView.swift in Sources */,
				6E2264F228432BD3005FB27F /* DownloadsPrefsView.swift in Sources */,
				6E2264F828432C5E005FB27F /* BitTorrentPrefsView.swift in Sources */,
				6EB327B72842AACB003CA9E3 /* qTorrentApp.swift in Sources */,
				6E2264DA2842C579005FB27F /* TextFieldClearModifier.swift in Sources */,
				6E2264CF2842C283005FB27F /* DeferView.swift in Sources */,
			);
			runOnlyForDeploymentPostprocessing = 0;
		};
/* End PBXSourcesBuildPhase section */

/* Begin XCBuildConfiguration section */
		6EB327BF2842AACB003CA9E3 /* Debug */ = {
			isa = XCBuildConfiguration;
			buildSettings = {
				ALWAYS_SEARCH_USER_PATHS = NO;
				CLANG_ANALYZER_NONNULL = YES;
				CLANG_ANALYZER_NUMBER_OBJECT_CONVERSION = YES_AGGRESSIVE;
				CLANG_CXX_LANGUAGE_STANDARD = "gnu++17";
				CLANG_ENABLE_MODULES = YES;
				CLANG_ENABLE_OBJC_ARC = YES;
				CLANG_ENABLE_OBJC_WEAK = YES;
				CLANG_WARN_BLOCK_CAPTURE_AUTORELEASING = YES;
				CLANG_WARN_BOOL_CONVERSION = YES;
				CLANG_WARN_COMMA = YES;
				CLANG_WARN_CONSTANT_CONVERSION = YES;
				CLANG_WARN_DEPRECATED_OBJC_IMPLEMENTATIONS = YES;
				CLANG_WARN_DIRECT_OBJC_ISA_USAGE = YES_ERROR;
				CLANG_WARN_DOCUMENTATION_COMMENTS = YES;
				CLANG_WARN_EMPTY_BODY = YES;
				CLANG_WARN_ENUM_CONVERSION = YES;
				CLANG_WARN_INFINITE_RECURSION = YES;
				CLANG_WARN_INT_CONVERSION = YES;
				CLANG_WARN_NON_LITERAL_NULL_CONVERSION = YES;
				CLANG_WARN_OBJC_IMPLICIT_RETAIN_SELF = YES;
				CLANG_WARN_OBJC_LITERAL_CONVERSION = YES;
				CLANG_WARN_OBJC_ROOT_CLASS = YES_ERROR;
				CLANG_WARN_QUOTED_INCLUDE_IN_FRAMEWORK_HEADER = YES;
				CLANG_WARN_RANGE_LOOP_ANALYSIS = YES;
				CLANG_WARN_STRICT_PROTOTYPES = YES;
				CLANG_WARN_SUSPICIOUS_MOVE = YES;
				CLANG_WARN_UNGUARDED_AVAILABILITY = YES_AGGRESSIVE;
				CLANG_WARN_UNREACHABLE_CODE = YES;
				CLANG_WARN__DUPLICATE_METHOD_MATCH = YES;
				COPY_PHASE_STRIP = NO;
				DEBUG_INFORMATION_FORMAT = dwarf;
				ENABLE_STRICT_OBJC_MSGSEND = YES;
				ENABLE_TESTABILITY = YES;
				GCC_C_LANGUAGE_STANDARD = gnu11;
				GCC_DYNAMIC_NO_PIC = NO;
				GCC_NO_COMMON_BLOCKS = YES;
				GCC_OPTIMIZATION_LEVEL = 0;
				GCC_PREPROCESSOR_DEFINITIONS = (
					"DEBUG=1",
					"$(inherited)",
				);
				GCC_WARN_64_TO_32_BIT_CONVERSION = YES;
				GCC_WARN_ABOUT_RETURN_TYPE = YES_ERROR;
				GCC_WARN_UNDECLARED_SELECTOR = YES;
				GCC_WARN_UNINITIALIZED_AUTOS = YES_AGGRESSIVE;
				GCC_WARN_UNUSED_FUNCTION = YES;
				GCC_WARN_UNUSED_VARIABLE = YES;
				IPHONEOS_DEPLOYMENT_TARGET = 15.5;
				MTL_ENABLE_DEBUG_INFO = INCLUDE_SOURCE;
				MTL_FAST_MATH = YES;
				ONLY_ACTIVE_ARCH = YES;
				SDKROOT = iphoneos;
				SWIFT_ACTIVE_COMPILATION_CONDITIONS = DEBUG;
				SWIFT_OPTIMIZATION_LEVEL = "-Onone";
			};
			name = Debug;
		};
		6EB327C02842AACB003CA9E3 /* Release */ = {
			isa = XCBuildConfiguration;
			buildSettings = {
				ALWAYS_SEARCH_USER_PATHS = NO;
				CLANG_ANALYZER_NONNULL = YES;
				CLANG_ANALYZER_NUMBER_OBJECT_CONVERSION = YES_AGGRESSIVE;
				CLANG_CXX_LANGUAGE_STANDARD = "gnu++17";
				CLANG_ENABLE_MODULES = YES;
				CLANG_ENABLE_OBJC_ARC = YES;
				CLANG_ENABLE_OBJC_WEAK = YES;
				CLANG_WARN_BLOCK_CAPTURE_AUTORELEASING = YES;
				CLANG_WARN_BOOL_CONVERSION = YES;
				CLANG_WARN_COMMA = YES;
				CLANG_WARN_CONSTANT_CONVERSION = YES;
				CLANG_WARN_DEPRECATED_OBJC_IMPLEMENTATIONS = YES;
				CLANG_WARN_DIRECT_OBJC_ISA_USAGE = YES_ERROR;
				CLANG_WARN_DOCUMENTATION_COMMENTS = YES;
				CLANG_WARN_EMPTY_BODY = YES;
				CLANG_WARN_ENUM_CONVERSION = YES;
				CLANG_WARN_INFINITE_RECURSION = YES;
				CLANG_WARN_INT_CONVERSION = YES;
				CLANG_WARN_NON_LITERAL_NULL_CONVERSION = YES;
				CLANG_WARN_OBJC_IMPLICIT_RETAIN_SELF = YES;
				CLANG_WARN_OBJC_LITERAL_CONVERSION = YES;
				CLANG_WARN_OBJC_ROOT_CLASS = YES_ERROR;
				CLANG_WARN_QUOTED_INCLUDE_IN_FRAMEWORK_HEADER = YES;
				CLANG_WARN_RANGE_LOOP_ANALYSIS = YES;
				CLANG_WARN_STRICT_PROTOTYPES = YES;
				CLANG_WARN_SUSPICIOUS_MOVE = YES;
				CLANG_WARN_UNGUARDED_AVAILABILITY = YES_AGGRESSIVE;
				CLANG_WARN_UNREACHABLE_CODE = YES;
				CLANG_WARN__DUPLICATE_METHOD_MATCH = YES;
				COPY_PHASE_STRIP = NO;
				DEBUG_INFORMATION_FORMAT = "dwarf-with-dsym";
				ENABLE_NS_ASSERTIONS = NO;
				ENABLE_STRICT_OBJC_MSGSEND = YES;
				GCC_C_LANGUAGE_STANDARD = gnu11;
				GCC_NO_COMMON_BLOCKS = YES;
				GCC_WARN_64_TO_32_BIT_CONVERSION = YES;
				GCC_WARN_ABOUT_RETURN_TYPE = YES_ERROR;
				GCC_WARN_UNDECLARED_SELECTOR = YES;
				GCC_WARN_UNINITIALIZED_AUTOS = YES_AGGRESSIVE;
				GCC_WARN_UNUSED_FUNCTION = YES;
				GCC_WARN_UNUSED_VARIABLE = YES;
				IPHONEOS_DEPLOYMENT_TARGET = 15.5;
				MTL_ENABLE_DEBUG_INFO = NO;
				MTL_FAST_MATH = YES;
				SDKROOT = iphoneos;
				SWIFT_COMPILATION_MODE = wholemodule;
				SWIFT_OPTIMIZATION_LEVEL = "-O";
				VALIDATE_PRODUCT = YES;
			};
			name = Release;
		};
		6EB327C22842AACB003CA9E3 /* Debug */ = {
			isa = XCBuildConfiguration;
			buildSettings = {
				ASSETCATALOG_COMPILER_APPICON_NAME = AppIcon;
				ASSETCATALOG_COMPILER_GLOBAL_ACCENT_COLOR_NAME = AccentColor;
				CODE_SIGN_STYLE = Automatic;
				CURRENT_PROJECT_VERSION = 1;
				DEVELOPMENT_ASSET_PATHS = "\"qTorrent/Preview Content\"";
				DEVELOPMENT_TEAM = NZ3JV53WDD;
				ENABLE_PREVIEWS = YES;
				GENERATE_INFOPLIST_FILE = YES;
				INFOPLIST_KEY_UIApplicationSceneManifest_Generation = YES;
				INFOPLIST_KEY_UIApplicationSupportsIndirectInputEvents = YES;
				INFOPLIST_KEY_UILaunchScreen_Generation = YES;
				INFOPLIST_KEY_UISupportedInterfaceOrientations = UIInterfaceOrientationPortrait;
				INFOPLIST_KEY_UISupportedInterfaceOrientations_iPad = "UIInterfaceOrientationPortrait UIInterfaceOrientationPortraitUpsideDown UIInterfaceOrientationLandscapeLeft UIInterfaceOrientationLandscapeRight";
				INFOPLIST_KEY_UISupportedInterfaceOrientations_iPhone = "UIInterfaceOrientationPortrait UIInterfaceOrientationLandscapeLeft UIInterfaceOrientationLandscapeRight";
				LD_RUNPATH_SEARCH_PATHS = (
					"$(inherited)",
					"@executable_path/Frameworks",
				);
				MARKETING_VERSION = 1.0;
				PRODUCT_BUNDLE_IDENTIFIER = Teekzilla.qTorrent;
				PRODUCT_NAME = "$(TARGET_NAME)";
				SWIFT_EMIT_LOC_STRINGS = YES;
				SWIFT_VERSION = 5.0;
				TARGETED_DEVICE_FAMILY = 1;
			};
			name = Debug;
		};
		6EB327C32842AACB003CA9E3 /* Release */ = {
			isa = XCBuildConfiguration;
			buildSettings = {
				ASSETCATALOG_COMPILER_APPICON_NAME = AppIcon;
				ASSETCATALOG_COMPILER_GLOBAL_ACCENT_COLOR_NAME = AccentColor;
				CODE_SIGN_STYLE = Automatic;
				CURRENT_PROJECT_VERSION = 1;
				DEVELOPMENT_ASSET_PATHS = "\"qTorrent/Preview Content\"";
				DEVELOPMENT_TEAM = NZ3JV53WDD;
				ENABLE_PREVIEWS = YES;
				GENERATE_INFOPLIST_FILE = YES;
				INFOPLIST_KEY_UIApplicationSceneManifest_Generation = YES;
				INFOPLIST_KEY_UIApplicationSupportsIndirectInputEvents = YES;
				INFOPLIST_KEY_UILaunchScreen_Generation = YES;
				INFOPLIST_KEY_UISupportedInterfaceOrientations = UIInterfaceOrientationPortrait;
				INFOPLIST_KEY_UISupportedInterfaceOrientations_iPad = "UIInterfaceOrientationPortrait UIInterfaceOrientationPortraitUpsideDown UIInterfaceOrientationLandscapeLeft UIInterfaceOrientationLandscapeRight";
				INFOPLIST_KEY_UISupportedInterfaceOrientations_iPhone = "UIInterfaceOrientationPortrait UIInterfaceOrientationLandscapeLeft UIInterfaceOrientationLandscapeRight";
				LD_RUNPATH_SEARCH_PATHS = (
					"$(inherited)",
					"@executable_path/Frameworks",
				);
				MARKETING_VERSION = 1.0;
				PRODUCT_BUNDLE_IDENTIFIER = Teekzilla.qTorrent;
				PRODUCT_NAME = "$(TARGET_NAME)";
				SWIFT_EMIT_LOC_STRINGS = YES;
				SWIFT_VERSION = 5.0;
				TARGETED_DEVICE_FAMILY = 1;
			};
			name = Release;
		};
/* End XCBuildConfiguration section */

/* Begin XCConfigurationList section */
		6EB327AE2842AACB003CA9E3 /* Build configuration list for PBXProject "qTorrent" */ = {
			isa = XCConfigurationList;
			buildConfigurations = (
				6EB327BF2842AACB003CA9E3 /* Debug */,
				6EB327C02842AACB003CA9E3 /* Release */,
			);
			defaultConfigurationIsVisible = 0;
			defaultConfigurationName = Release;
		};
		6EB327C12842AACB003CA9E3 /* Build configuration list for PBXNativeTarget "qTorrent" */ = {
			isa = XCConfigurationList;
			buildConfigurations = (
				6EB327C22842AACB003CA9E3 /* Debug */,
				6EB327C32842AACB003CA9E3 /* Release */,
			);
			defaultConfigurationIsVisible = 0;
			defaultConfigurationName = Release;
		};
/* End XCConfigurationList section */

/* Begin XCRemoteSwiftPackageReference section */
		6E2264E92842DEB5005FB27F /* XCRemoteSwiftPackageReference "Alamofire" */ = {
			isa = XCRemoteSwiftPackageReference;
			repositoryURL = "https://github.com/Alamofire/Alamofire.git";
			requirement = {
				kind = upToNextMajorVersion;
				minimumVersion = 5.0.0;
			};
		};
/* End XCRemoteSwiftPackageReference section */

/* Begin XCSwiftPackageProductDependency section */
		6E2264EA2842DEB5005FB27F /* Alamofire */ = {
			isa = XCSwiftPackageProductDependency;
			package = 6E2264E92842DEB5005FB27F /* XCRemoteSwiftPackageReference "Alamofire" */;
			productName = Alamofire;
		};
/* End XCSwiftPackageProductDependency section */
	};
	rootObject = 6EB327AB2842AACB003CA9E3 /* Project object */;
}
